
Microsoft Visual Studio Solution File, Format Version 12.00
# Visual Studio Version 17
VisualStudioVersion = 17.8.34322.80
MinimumVisualStudioVersion = 10.0.40219.1
Project("{9A19103F-16F7-4668-BE54-9A1E7A4F7556}") = "AzureDevOps01", "AzureDevOps01\AzureDevOps01.csproj", "{28795974-86BA-4423-A078-5B37445BF992}"
EndProject
Project("{2150E333-8FDC-42A3-9474-1A3956D46DE8}") = "Elementos de la solución", "Elementos de la solución", "{03E7CD74-45F0-47CE-A4E1-540F4C44D2E7}"
	ProjectSection(SolutionItems) = preProject
		docker-compose.override.yml = docker-compose.override.yml
		docker-compose.yml = docker-compose.yml
	EndProjectSection
EndProject
Global
	GlobalSection(SolutionConfigurationPlatforms) = preSolution
		Debug|Any CPU = Debug|Any CPU
		Release|Any CPU = Release|Any CPU
	EndGlobalSection
	GlobalSection(ProjectConfigurationPlatforms) = postSolution
		{28795974-86BA-4423-A078-5B37445BF992}.Debug|Any CPU.ActiveCfg = Debug|Any CPU
		{28795974-86BA-4423-A078-5B37445BF992}.Debug|Any CPU.Build.0 = Debug|Any CPU
		{28795974-86BA-4423-A078-5B37445BF992}.Release|Any CPU.ActiveCfg = Release|Any CPU
		{28795974-86BA-4423-A078-5B37445BF992}.Release|Any CPU.Build.0 = Release|Any CPU
	EndGlobalSection
	GlobalSection(SolutionProperties) = preSolution
		HideSolutionNode = FALSE
	EndGlobalSection
	GlobalSection(ExtensibilityGlobals) = postSolution
		SolutionGuid = {A84A6D4A-E7B7-4600-B13E-AEF8F1E92307}
	EndGlobalSection
EndGlobal
